// !$*UTF8*$!
{
	archiveVersion = 1;
	classes = {
	};
	objectVersion = 46;
	objects = {

/* Begin PBXBuildFile section */
		3A3FCE9B1B070C21007A037B /* CoreLocation.framework in Frameworks */ = {isa = PBXBuildFile; fileRef = 3A3FCE9A1B070C21007A037B /* CoreLocation.framework */; };
		3A3FCE9E1B071944007A037B /* LocationWeatherData.swift in Sources */ = {isa = PBXBuildFile; fileRef = 3A3FCE9D1B071944007A037B /* LocationWeatherData.swift */; };
		3A3FCEA01B071E32007A037B /* SingleDayWeatherData.swift in Sources */ = {isa = PBXBuildFile; fileRef = 3A3FCE9F1B071E32007A037B /* SingleDayWeatherData.swift */; };
		3A3FCEA21B072245007A037B /* WeatherDataManager.swift in Sources */ = {isa = PBXBuildFile; fileRef = 3A3FCEA11B072245007A037B /* WeatherDataManager.swift */; };
		3A3FCEA61B073051007A037B /* AppSharedData.swift in Sources */ = {isa = PBXBuildFile; fileRef = 3A3FCEA51B073051007A037B /* AppSharedData.swift */; };
		3A6947DC1B061BAB006EF6BD /* TodayViewController.swift in Sources */ = {isa = PBXBuildFile; fileRef = 3A6947DB1B061BAB006EF6BD /* TodayViewController.swift */; };
		3A6947DE1B061BB4006EF6BD /* ForecastViewController.swift in Sources */ = {isa = PBXBuildFile; fileRef = 3A6947DD1B061BB4006EF6BD /* ForecastViewController.swift */; };
		3A6947E01B061BBE006EF6BD /* SettingsViewController.swift in Sources */ = {isa = PBXBuildFile; fileRef = 3A6947DF1B061BBE006EF6BD /* SettingsViewController.swift */; };
		3A9329551B04E17B0021B1F0 /* AppDelegate.swift in Sources */ = {isa = PBXBuildFile; fileRef = 3A9329541B04E17B0021B1F0 /* AppDelegate.swift */; };
		3A93295C1B04E17B0021B1F0 /* Main.storyboard in Resources */ = {isa = PBXBuildFile; fileRef = 3A93295A1B04E17B0021B1F0 /* Main.storyboard */; };
		3A93295E1B04E17B0021B1F0 /* Images.xcassets in Resources */ = {isa = PBXBuildFile; fileRef = 3A93295D1B04E17B0021B1F0 /* Images.xcassets */; };
		3A9329611B04E17B0021B1F0 /* LaunchScreen.xib in Resources */ = {isa = PBXBuildFile; fileRef = 3A93295F1B04E17B0021B1F0 /* LaunchScreen.xib */; };
		3A93296D1B04E17B0021B1F0 /* NextForecastTests.swift in Sources */ = {isa = PBXBuildFile; fileRef = 3A93296C1B04E17B0021B1F0 /* NextForecastTests.swift */; };
		3A9EF6B11B0F259500F0703F /* libsqlite3.dylib in Frameworks */ = {isa = PBXBuildFile; fileRef = 3A9EF6B01B0F259500F0703F /* libsqlite3.dylib */; };
		3A9EF6B31B0F273300F0703F /* DatabaseManager.swift in Sources */ = {isa = PBXBuildFile; fileRef = 3A9EF6B21B0F273300F0703F /* DatabaseManager.swift */; };
		3A9EF6B91B0FA79C00F0703F /* FMDatabaseAdditionsVariadic.swift in Sources */ = {isa = PBXBuildFile; fileRef = 3A9EF6B71B0FA79C00F0703F /* FMDatabaseAdditionsVariadic.swift */; };
		3A9EF6BA1B0FA79C00F0703F /* FMDatabaseVariadic.swift in Sources */ = {isa = PBXBuildFile; fileRef = 3A9EF6B81B0FA79C00F0703F /* FMDatabaseVariadic.swift */; };
		3A9EF6C71B0FABDD00F0703F /* FMDatabase.m in Sources */ = {isa = PBXBuildFile; fileRef = 3A9EF6BD1B0FABDD00F0703F /* FMDatabase.m */; };
		3A9EF6C81B0FABDD00F0703F /* FMDatabaseAdditions.m in Sources */ = {isa = PBXBuildFile; fileRef = 3A9EF6BF1B0FABDD00F0703F /* FMDatabaseAdditions.m */; };
		3A9EF6C91B0FABDD00F0703F /* FMDatabasePool.m in Sources */ = {isa = PBXBuildFile; fileRef = 3A9EF6C11B0FABDD00F0703F /* FMDatabasePool.m */; };
		3A9EF6CA1B0FABDD00F0703F /* FMDatabaseQueue.m in Sources */ = {isa = PBXBuildFile; fileRef = 3A9EF6C31B0FABDD00F0703F /* FMDatabaseQueue.m */; };
		3A9EF6CB1B0FABDD00F0703F /* FMResultSet.m in Sources */ = {isa = PBXBuildFile; fileRef = 3A9EF6C61B0FABDD00F0703F /* FMResultSet.m */; };
		3A9EF6CF1B10FA1800F0703F /* nextforecast.sql in Resources */ = {isa = PBXBuildFile; fileRef = 3A9EF6CD1B10F9B900F0703F /* nextforecast.sql */; };
		3A9EF6D21B111C7800F0703F /* ForecastTableViewCell.xib in Resources */ = {isa = PBXBuildFile; fileRef = 3A9EF6D11B111C7800F0703F /* ForecastTableViewCell.xib */; };
		3A9EF6D41B1120C200F0703F /* ForecastTableViewCell.swift in Sources */ = {isa = PBXBuildFile; fileRef = 3A9EF6D31B1120C200F0703F /* ForecastTableViewCell.swift */; };
		5675BEA1A12CAB2E040EEF14 /* Pods.framework in Frameworks */ = {isa = PBXBuildFile; fileRef = FC728B9275BF9FD4F07AB3E1 /* Pods.framework */; settings = {ATTRIBUTES = (Weak, ); }; };
/* End PBXBuildFile section */

/* Begin PBXContainerItemProxy section */
		3A9329671B04E17B0021B1F0 /* PBXContainerItemProxy */ = {
			isa = PBXContainerItemProxy;
			containerPortal = 3A9329471B04E17B0021B1F0 /* Project object */;
			proxyType = 1;
			remoteGlobalIDString = 3A93294E1B04E17B0021B1F0;
			remoteInfo = NextForecast;
		};
/* End PBXContainerItemProxy section */

/* Begin PBXFileReference section */
		3A3FCE9A1B070C21007A037B /* CoreLocation.framework */ = {isa = PBXFileReference; lastKnownFileType = wrapper.framework; name = CoreLocation.framework; path = System/Library/Frameworks/CoreLocation.framework; sourceTree = SDKROOT; };
		3A3FCE9D1B071944007A037B /* LocationWeatherData.swift */ = {isa = PBXFileReference; fileEncoding = 4; lastKnownFileType = sourcecode.swift; path = LocationWeatherData.swift; sourceTree = "<group>"; };
		3A3FCE9F1B071E32007A037B /* SingleDayWeatherData.swift */ = {isa = PBXFileReference; fileEncoding = 4; lastKnownFileType = sourcecode.swift; path = SingleDayWeatherData.swift; sourceTree = "<group>"; };
		3A3FCEA11B072245007A037B /* WeatherDataManager.swift */ = {isa = PBXFileReference; fileEncoding = 4; lastKnownFileType = sourcecode.swift; path = WeatherDataManager.swift; sourceTree = "<group>"; };
		3A3FCEA41B0726A6007A037B /* BridgingHeader.h */ = {isa = PBXFileReference; lastKnownFileType = sourcecode.c.h; path = BridgingHeader.h; sourceTree = "<group>"; };
		3A3FCEA51B073051007A037B /* AppSharedData.swift */ = {isa = PBXFileReference; fileEncoding = 4; lastKnownFileType = sourcecode.swift; path = AppSharedData.swift; sourceTree = "<group>"; };
		3A6947DB1B061BAB006EF6BD /* TodayViewController.swift */ = {isa = PBXFileReference; fileEncoding = 4; lastKnownFileType = sourcecode.swift; path = TodayViewController.swift; sourceTree = "<group>"; };
		3A6947DD1B061BB4006EF6BD /* ForecastViewController.swift */ = {isa = PBXFileReference; fileEncoding = 4; lastKnownFileType = sourcecode.swift; path = ForecastViewController.swift; sourceTree = "<group>"; };
		3A6947DF1B061BBE006EF6BD /* SettingsViewController.swift */ = {isa = PBXFileReference; fileEncoding = 4; lastKnownFileType = sourcecode.swift; path = SettingsViewController.swift; sourceTree = "<group>"; };
		3A93294F1B04E17B0021B1F0 /* NextForecast.app */ = {isa = PBXFileReference; explicitFileType = wrapper.application; includeInIndex = 0; path = NextForecast.app; sourceTree = BUILT_PRODUCTS_DIR; };
		3A9329531B04E17B0021B1F0 /* Info.plist */ = {isa = PBXFileReference; lastKnownFileType = text.plist.xml; path = Info.plist; sourceTree = "<group>"; };
		3A9329541B04E17B0021B1F0 /* AppDelegate.swift */ = {isa = PBXFileReference; lastKnownFileType = sourcecode.swift; path = AppDelegate.swift; sourceTree = "<group>"; };
		3A93295B1B04E17B0021B1F0 /* Base */ = {isa = PBXFileReference; lastKnownFileType = file.storyboard; name = Base; path = Base.lproj/Main.storyboard; sourceTree = "<group>"; };
		3A93295D1B04E17B0021B1F0 /* Images.xcassets */ = {isa = PBXFileReference; lastKnownFileType = folder.assetcatalog; path = Images.xcassets; sourceTree = "<group>"; };
		3A9329601B04E17B0021B1F0 /* Base */ = {isa = PBXFileReference; lastKnownFileType = file.xib; name = Base; path = Base.lproj/LaunchScreen.xib; sourceTree = "<group>"; };
		3A9329661B04E17B0021B1F0 /* NextForecastTests.xctest */ = {isa = PBXFileReference; explicitFileType = wrapper.cfbundle; includeInIndex = 0; path = NextForecastTests.xctest; sourceTree = BUILT_PRODUCTS_DIR; };
		3A93296B1B04E17B0021B1F0 /* Info.plist */ = {isa = PBXFileReference; lastKnownFileType = text.plist.xml; path = Info.plist; sourceTree = "<group>"; };
		3A93296C1B04E17B0021B1F0 /* NextForecastTests.swift */ = {isa = PBXFileReference; lastKnownFileType = sourcecode.swift; path = NextForecastTests.swift; sourceTree = "<group>"; };
		3A9EF6B01B0F259500F0703F /* libsqlite3.dylib */ = {isa = PBXFileReference; lastKnownFileType = "compiled.mach-o.dylib"; name = libsqlite3.dylib; path = usr/lib/libsqlite3.dylib; sourceTree = SDKROOT; };
		3A9EF6B21B0F273300F0703F /* DatabaseManager.swift */ = {isa = PBXFileReference; fileEncoding = 4; lastKnownFileType = sourcecode.swift; path = DatabaseManager.swift; sourceTree = "<group>"; };
		3A9EF6B71B0FA79C00F0703F /* FMDatabaseAdditionsVariadic.swift */ = {isa = PBXFileReference; fileEncoding = 4; lastKnownFileType = sourcecode.swift; path = FMDatabaseAdditionsVariadic.swift; sourceTree = "<group>"; };
		3A9EF6B81B0FA79C00F0703F /* FMDatabaseVariadic.swift */ = {isa = PBXFileReference; fileEncoding = 4; lastKnownFileType = sourcecode.swift; path = FMDatabaseVariadic.swift; sourceTree = "<group>"; };
		3A9EF6BC1B0FABDD00F0703F /* FMDatabase.h */ = {isa = PBXFileReference; fileEncoding = 4; lastKnownFileType = sourcecode.c.h; path = FMDatabase.h; sourceTree = "<group>"; };
		3A9EF6BD1B0FABDD00F0703F /* FMDatabase.m */ = {isa = PBXFileReference; fileEncoding = 4; lastKnownFileType = sourcecode.c.objc; path = FMDatabase.m; sourceTree = "<group>"; };
		3A9EF6BE1B0FABDD00F0703F /* FMDatabaseAdditions.h */ = {isa = PBXFileReference; fileEncoding = 4; lastKnownFileType = sourcecode.c.h; path = FMDatabaseAdditions.h; sourceTree = "<group>"; };
		3A9EF6BF1B0FABDD00F0703F /* FMDatabaseAdditions.m */ = {isa = PBXFileReference; fileEncoding = 4; lastKnownFileType = sourcecode.c.objc; path = FMDatabaseAdditions.m; sourceTree = "<group>"; };
		3A9EF6C01B0FABDD00F0703F /* FMDatabasePool.h */ = {isa = PBXFileReference; fileEncoding = 4; lastKnownFileType = sourcecode.c.h; path = FMDatabasePool.h; sourceTree = "<group>"; };
		3A9EF6C11B0FABDD00F0703F /* FMDatabasePool.m */ = {isa = PBXFileReference; fileEncoding = 4; lastKnownFileType = sourcecode.c.objc; path = FMDatabasePool.m; sourceTree = "<group>"; };
		3A9EF6C21B0FABDD00F0703F /* FMDatabaseQueue.h */ = {isa = PBXFileReference; fileEncoding = 4; lastKnownFileType = sourcecode.c.h; path = FMDatabaseQueue.h; sourceTree = "<group>"; };
		3A9EF6C31B0FABDD00F0703F /* FMDatabaseQueue.m */ = {isa = PBXFileReference; fileEncoding = 4; lastKnownFileType = sourcecode.c.objc; path = FMDatabaseQueue.m; sourceTree = "<group>"; };
		3A9EF6C41B0FABDD00F0703F /* FMDB.h */ = {isa = PBXFileReference; fileEncoding = 4; lastKnownFileType = sourcecode.c.h; path = FMDB.h; sourceTree = "<group>"; };
		3A9EF6C51B0FABDD00F0703F /* FMResultSet.h */ = {isa = PBXFileReference; fileEncoding = 4; lastKnownFileType = sourcecode.c.h; path = FMResultSet.h; sourceTree = "<group>"; };
		3A9EF6C61B0FABDD00F0703F /* FMResultSet.m */ = {isa = PBXFileReference; fileEncoding = 4; lastKnownFileType = sourcecode.c.objc; path = FMResultSet.m; sourceTree = "<group>"; };
		3A9EF6CD1B10F9B900F0703F /* nextforecast.sql */ = {isa = PBXFileReference; lastKnownFileType = file; path = nextforecast.sql; sourceTree = "<group>"; };
		3A9EF6D11B111C7800F0703F /* ForecastTableViewCell.xib */ = {isa = PBXFileReference; fileEncoding = 4; lastKnownFileType = file.xib; path = ForecastTableViewCell.xib; sourceTree = "<group>"; };
		3A9EF6D31B1120C200F0703F /* ForecastTableViewCell.swift */ = {isa = PBXFileReference; fileEncoding = 4; lastKnownFileType = sourcecode.swift; path = ForecastTableViewCell.swift; sourceTree = "<group>"; };
		D2B9D53E8724641B4E970828 /* Pods.release.xcconfig */ = {isa = PBXFileReference; includeInIndex = 1; lastKnownFileType = text.xcconfig; name = Pods.release.xcconfig; path = "Pods/Target Support Files/Pods/Pods.release.xcconfig"; sourceTree = "<group>"; };
		F1BEA7FB8AB4C82D91E560B8 /* Pods.debug.xcconfig */ = {isa = PBXFileReference; includeInIndex = 1; lastKnownFileType = text.xcconfig; name = Pods.debug.xcconfig; path = "Pods/Target Support Files/Pods/Pods.debug.xcconfig"; sourceTree = "<group>"; };
		FC728B9275BF9FD4F07AB3E1 /* Pods.framework */ = {isa = PBXFileReference; explicitFileType = wrapper.framework; includeInIndex = 0; path = Pods.framework; sourceTree = BUILT_PRODUCTS_DIR; };
/* End PBXFileReference section */

/* Begin PBXFrameworksBuildPhase section */
		3A93294C1B04E17B0021B1F0 /* Frameworks */ = {
			isa = PBXFrameworksBuildPhase;
			buildActionMask = 2147483647;
			files = (
				3A9EF6B11B0F259500F0703F /* libsqlite3.dylib in Frameworks */,
				3A3FCE9B1B070C21007A037B /* CoreLocation.framework in Frameworks */,
				5675BEA1A12CAB2E040EEF14 /* Pods.framework in Frameworks */,
			);
			runOnlyForDeploymentPostprocessing = 0;
		};
		3A9329631B04E17B0021B1F0 /* Frameworks */ = {
			isa = PBXFrameworksBuildPhase;
			buildActionMask = 2147483647;
			files = (
			);
			runOnlyForDeploymentPostprocessing = 0;
		};
/* End PBXFrameworksBuildPhase section */

/* Begin PBXGroup section */
		3A3FCE9C1B07191F007A037B /* Models */ = {
			isa = PBXGroup;
			children = (
				3A3FCE9D1B071944007A037B /* LocationWeatherData.swift */,
				3A3FCE9F1B071E32007A037B /* SingleDayWeatherData.swift */,
				3A3FCEA11B072245007A037B /* WeatherDataManager.swift */,
				3A3FCEA51B073051007A037B /* AppSharedData.swift */,
				3A9EF6B21B0F273300F0703F /* DatabaseManager.swift */,
				3A9EF6D31B1120C200F0703F /* ForecastTableViewCell.swift */,
			);
			path = Models;
			sourceTree = "<group>";
		};
		3A3FCEA31B072693007A037B /* BridgingHeader */ = {
			isa = PBXGroup;
			children = (
				3A3FCEA41B0726A6007A037B /* BridgingHeader.h */,
			);
			path = BridgingHeader;
			sourceTree = "<group>";
		};
		3A6947DA1B061B95006EF6BD /* Controllers */ = {
			isa = PBXGroup;
			children = (
				3A6947DF1B061BBE006EF6BD /* SettingsViewController.swift */,
				3A6947DD1B061BB4006EF6BD /* ForecastViewController.swift */,
				3A6947DB1B061BAB006EF6BD /* TodayViewController.swift */,
			);
			path = Controllers;
			sourceTree = "<group>";
		};
		3A9329461B04E17B0021B1F0 = {
			isa = PBXGroup;
			children = (
				3A9329511B04E17B0021B1F0 /* NextForecast */,
				3A9329691B04E17B0021B1F0 /* NextForecastTests */,
				3A9329501B04E17B0021B1F0 /* Products */,
				ACB3314CD2E53BCDD296AE60 /* Pods */,
				4824645254AB4B01403830ED /* Frameworks */,
			);
			sourceTree = "<group>";
		};
		3A9329501B04E17B0021B1F0 /* Products */ = {
			isa = PBXGroup;
			children = (
				3A93294F1B04E17B0021B1F0 /* NextForecast.app */,
				3A9329661B04E17B0021B1F0 /* NextForecastTests.xctest */,
			);
			name = Products;
			sourceTree = "<group>";
		};
		3A9329511B04E17B0021B1F0 /* NextForecast */ = {
			isa = PBXGroup;
			children = (
				3A9EF6D01B111C4500F0703F /* NibFiles */,
				3A9EF6B41B0F93A500F0703F /* SQLiteDatabase */,
				3A3FCEA31B072693007A037B /* BridgingHeader */,
				3A3FCE9C1B07191F007A037B /* Models */,
				3A6947DA1B061B95006EF6BD /* Controllers */,
				3A9329541B04E17B0021B1F0 /* AppDelegate.swift */,
				3A93295D1B04E17B0021B1F0 /* Images.xcassets */,
				3A9329521B04E17B0021B1F0 /* Supporting Files */,
			);
			path = NextForecast;
			sourceTree = "<group>";
		};
		3A9329521B04E17B0021B1F0 /* Supporting Files */ = {
			isa = PBXGroup;
			children = (
				3A9329531B04E17B0021B1F0 /* Info.plist */,
			);
			name = "Supporting Files";
			sourceTree = "<group>";
		};
		3A9329691B04E17B0021B1F0 /* NextForecastTests */ = {
			isa = PBXGroup;
			children = (
				3A93296C1B04E17B0021B1F0 /* NextForecastTests.swift */,
				3A93296A1B04E17B0021B1F0 /* Supporting Files */,
			);
			path = NextForecastTests;
			sourceTree = "<group>";
		};
		3A93296A1B04E17B0021B1F0 /* Supporting Files */ = {
			isa = PBXGroup;
			children = (
				3A93296B1B04E17B0021B1F0 /* Info.plist */,
			);
			name = "Supporting Files";
			sourceTree = "<group>";
		};
		3A9EF6B41B0F93A500F0703F /* SQLiteDatabase */ = {
			isa = PBXGroup;
			children = (
				3A9EF6CD1B10F9B900F0703F /* nextforecast.sql */,
				3A9EF6BB1B0FABDD00F0703F /* fmdb */,
				3A9EF6B71B0FA79C00F0703F /* FMDatabaseAdditionsVariadic.swift */,
				3A9EF6B81B0FA79C00F0703F /* FMDatabaseVariadic.swift */,
			);
			path = SQLiteDatabase;
			sourceTree = "<group>";
		};
		3A9EF6BB1B0FABDD00F0703F /* fmdb */ = {
			isa = PBXGroup;
			children = (
				3A9EF6BC1B0FABDD00F0703F /* FMDatabase.h */,
				3A9EF6BD1B0FABDD00F0703F /* FMDatabase.m */,
				3A9EF6BE1B0FABDD00F0703F /* FMDatabaseAdditions.h */,
				3A9EF6BF1B0FABDD00F0703F /* FMDatabaseAdditions.m */,
				3A9EF6C01B0FABDD00F0703F /* FMDatabasePool.h */,
				3A9EF6C11B0FABDD00F0703F /* FMDatabasePool.m */,
				3A9EF6C21B0FABDD00F0703F /* FMDatabaseQueue.h */,
				3A9EF6C31B0FABDD00F0703F /* FMDatabaseQueue.m */,
				3A9EF6C41B0FABDD00F0703F /* FMDB.h */,
				3A9EF6C51B0FABDD00F0703F /* FMResultSet.h */,
				3A9EF6C61B0FABDD00F0703F /* FMResultSet.m */,
			);
			path = fmdb;
			sourceTree = "<group>";
		};
		3A9EF6D01B111C4500F0703F /* NibFiles */ = {
			isa = PBXGroup;
			children = (
				3A93295A1B04E17B0021B1F0 /* Main.storyboard */,
				3A93295F1B04E17B0021B1F0 /* LaunchScreen.xib */,
				3A9EF6D11B111C7800F0703F /* ForecastTableViewCell.xib */,
			);
			path = NibFiles;
			sourceTree = "<group>";
		};
		4824645254AB4B01403830ED /* Frameworks */ = {
			isa = PBXGroup;
			children = (
				3A9EF6B01B0F259500F0703F /* libsqlite3.dylib */,
				3A3FCE9A1B070C21007A037B /* CoreLocation.framework */,
				FC728B9275BF9FD4F07AB3E1 /* Pods.framework */,
			);
			name = Frameworks;
			sourceTree = "<group>";
		};
		ACB3314CD2E53BCDD296AE60 /* Pods */ = {
			isa = PBXGroup;
			children = (
				F1BEA7FB8AB4C82D91E560B8 /* Pods.debug.xcconfig */,
				D2B9D53E8724641B4E970828 /* Pods.release.xcconfig */,
			);
			name = Pods;
			sourceTree = "<group>";
		};
/* End PBXGroup section */

/* Begin PBXNativeTarget section */
		3A93294E1B04E17B0021B1F0 /* NextForecast */ = {
			isa = PBXNativeTarget;
			buildConfigurationList = 3A9329701B04E17B0021B1F0 /* Build configuration list for PBXNativeTarget "NextForecast" */;
			buildPhases = (
				23D2CD88AF8034E33090D1B0 /* Check Pods Manifest.lock */,
				3A93294B1B04E17B0021B1F0 /* Sources */,
				3A93294C1B04E17B0021B1F0 /* Frameworks */,
				3A93294D1B04E17B0021B1F0 /* Resources */,
				41C57789CF0E40D38E633E60 /* Embed Pods Frameworks */,
				9498485EE3C9C1E659385FBE /* Copy Pods Resources */,
			);
			buildRules = (
			);
			dependencies = (
			);
			name = NextForecast;
			productName = NextForecast;
			productReference = 3A93294F1B04E17B0021B1F0 /* NextForecast.app */;
			productType = "com.apple.product-type.application";
		};
		3A9329651B04E17B0021B1F0 /* NextForecastTests */ = {
			isa = PBXNativeTarget;
			buildConfigurationList = 3A9329731B04E17B0021B1F0 /* Build configuration list for PBXNativeTarget "NextForecastTests" */;
			buildPhases = (
				3A9329621B04E17B0021B1F0 /* Sources */,
				3A9329631B04E17B0021B1F0 /* Frameworks */,
				3A9329641B04E17B0021B1F0 /* Resources */,
			);
			buildRules = (
			);
			dependencies = (
				3A9329681B04E17B0021B1F0 /* PBXTargetDependency */,
			);
			name = NextForecastTests;
			productName = NextForecastTests;
			productReference = 3A9329661B04E17B0021B1F0 /* NextForecastTests.xctest */;
			productType = "com.apple.product-type.bundle.unit-test";
		};
/* End PBXNativeTarget section */

/* Begin PBXProject section */
		3A9329471B04E17B0021B1F0 /* Project object */ = {
			isa = PBXProject;
			attributes = {
				LastUpgradeCheck = 0620;
				ORGANIZATIONNAME = STRV;
				TargetAttributes = {
					3A93294E1B04E17B0021B1F0 = {
						CreatedOnToolsVersion = 6.2;
					};
					3A9329651B04E17B0021B1F0 = {
						CreatedOnToolsVersion = 6.2;
						TestTargetID = 3A93294E1B04E17B0021B1F0;
					};
				};
			};
			buildConfigurationList = 3A93294A1B04E17B0021B1F0 /* Build configuration list for PBXProject "NextForecast" */;
			compatibilityVersion = "Xcode 3.2";
			developmentRegion = English;
			hasScannedForEncodings = 0;
			knownRegions = (
				en,
				Base,
			);
			mainGroup = 3A9329461B04E17B0021B1F0;
			productRefGroup = 3A9329501B04E17B0021B1F0 /* Products */;
			projectDirPath = "";
			projectRoot = "";
			targets = (
				3A93294E1B04E17B0021B1F0 /* NextForecast */,
				3A9329651B04E17B0021B1F0 /* NextForecastTests */,
			);
		};
/* End PBXProject section */

/* Begin PBXResourcesBuildPhase section */
		3A93294D1B04E17B0021B1F0 /* Resources */ = {
			isa = PBXResourcesBuildPhase;
			buildActionMask = 2147483647;
			files = (
				3A9EF6D21B111C7800F0703F /* ForecastTableViewCell.xib in Resources */,
				3A9EF6CF1B10FA1800F0703F /* nextforecast.sql in Resources */,
				3A93295C1B04E17B0021B1F0 /* Main.storyboard in Resources */,
				3A9329611B04E17B0021B1F0 /* LaunchScreen.xib in Resources */,
				3A93295E1B04E17B0021B1F0 /* Images.xcassets in Resources */,
			);
			runOnlyForDeploymentPostprocessing = 0;
		};
		3A9329641B04E17B0021B1F0 /* Resources */ = {
			isa = PBXResourcesBuildPhase;
			buildActionMask = 2147483647;
			files = (
			);
			runOnlyForDeploymentPostprocessing = 0;
		};
/* End PBXResourcesBuildPhase section */

/* Begin PBXShellScriptBuildPhase section */
		23D2CD88AF8034E33090D1B0 /* Check Pods Manifest.lock */ = {
			isa = PBXShellScriptBuildPhase;
			buildActionMask = 2147483647;
			files = (
			);
			inputPaths = (
			);
			name = "Check Pods Manifest.lock";
			outputPaths = (
			);
			runOnlyForDeploymentPostprocessing = 0;
			shellPath = /bin/sh;
			shellScript = "diff \"${PODS_ROOT}/../Podfile.lock\" \"${PODS_ROOT}/Manifest.lock\" > /dev/null\nif [[ $? != 0 ]] ; then\n    cat << EOM\nerror: The sandbox is not in sync with the Podfile.lock. Run 'pod install' or update your CocoaPods installation.\nEOM\n    exit 1\nfi\n";
			showEnvVarsInLog = 0;
		};
		41C57789CF0E40D38E633E60 /* Embed Pods Frameworks */ = {
			isa = PBXShellScriptBuildPhase;
			buildActionMask = 2147483647;
			files = (
			);
			inputPaths = (
			);
			name = "Embed Pods Frameworks";
			outputPaths = (
			);
			runOnlyForDeploymentPostprocessing = 0;
			shellPath = /bin/sh;
			shellScript = "\"${SRCROOT}/Pods/Target Support Files/Pods/Pods-frameworks.sh\"\n";
			showEnvVarsInLog = 0;
		};
		9498485EE3C9C1E659385FBE /* Copy Pods Resources */ = {
			isa = PBXShellScriptBuildPhase;
			buildActionMask = 2147483647;
			files = (
			);
			inputPaths = (
			);
			name = "Copy Pods Resources";
			outputPaths = (
			);
			runOnlyForDeploymentPostprocessing = 0;
			shellPath = /bin/sh;
			shellScript = "\"${SRCROOT}/Pods/Target Support Files/Pods/Pods-resources.sh\"\n";
			showEnvVarsInLog = 0;
		};
/* End PBXShellScriptBuildPhase section */

/* Begin PBXSourcesBuildPhase section */
		3A93294B1B04E17B0021B1F0 /* Sources */ = {
			isa = PBXSourcesBuildPhase;
			buildActionMask = 2147483647;
			files = (
				3A6947DC1B061BAB006EF6BD /* TodayViewController.swift in Sources */,
				3A9EF6BA1B0FA79C00F0703F /* FMDatabaseVariadic.swift in Sources */,
				3A3FCEA21B072245007A037B /* WeatherDataManager.swift in Sources */,
				3A9EF6C71B0FABDD00F0703F /* FMDatabase.m in Sources */,
				3A3FCEA01B071E32007A037B /* SingleDayWeatherData.swift in Sources */,
				3A9EF6CA1B0FABDD00F0703F /* FMDatabaseQueue.m in Sources */,
				3A9EF6CB1B0FABDD00F0703F /* FMResultSet.m in Sources */,
				3A9329551B04E17B0021B1F0 /* AppDelegate.swift in Sources */,
				3A3FCE9E1B071944007A037B /* LocationWeatherData.swift in Sources */,
				3A6947DE1B061BB4006EF6BD /* ForecastViewController.swift in Sources */,
				3A9EF6D41B1120C200F0703F /* ForecastTableViewCell.swift in Sources */,
				3A9EF6C81B0FABDD00F0703F /* FMDatabaseAdditions.m in Sources */,
				3A3FCEA61B073051007A037B /* AppSharedData.swift in Sources */,
				3A6947E01B061BBE006EF6BD /* SettingsViewController.swift in Sources */,
				3A9EF6C91B0FABDD00F0703F /* FMDatabasePool.m in Sources */,
				3A9EF6B91B0FA79C00F0703F /* FMDatabaseAdditionsVariadic.swift in Sources */,
				3A9EF6B31B0F273300F0703F /* DatabaseManager.swift in Sources */,
			);
			runOnlyForDeploymentPostprocessing = 0;
		};
		3A9329621B04E17B0021B1F0 /* Sources */ = {
			isa = PBXSourcesBuildPhase;
			buildActionMask = 2147483647;
			files = (
				3A93296D1B04E17B0021B1F0 /* NextForecastTests.swift in Sources */,
			);
			runOnlyForDeploymentPostprocessing = 0;
		};
/* End PBXSourcesBuildPhase section */

/* Begin PBXTargetDependency section */
		3A9329681B04E17B0021B1F0 /* PBXTargetDependency */ = {
			isa = PBXTargetDependency;
			target = 3A93294E1B04E17B0021B1F0 /* NextForecast */;
			targetProxy = 3A9329671B04E17B0021B1F0 /* PBXContainerItemProxy */;
		};
/* End PBXTargetDependency section */

/* Begin PBXVariantGroup section */
		3A93295A1B04E17B0021B1F0 /* Main.storyboard */ = {
			isa = PBXVariantGroup;
			children = (
				3A93295B1B04E17B0021B1F0 /* Base */,
			);
			name = Main.storyboard;
			path = ..;
			sourceTree = "<group>";
		};
		3A93295F1B04E17B0021B1F0 /* LaunchScreen.xib */ = {
			isa = PBXVariantGroup;
			children = (
				3A9329601B04E17B0021B1F0 /* Base */,
			);
			name = LaunchScreen.xib;
			path = ..;
			sourceTree = "<group>";
		};
/* End PBXVariantGroup section */

/* Begin XCBuildConfiguration section */
		3A93296E1B04E17B0021B1F0 /* Debug */ = {
			isa = XCBuildConfiguration;
			buildSettings = {
				ALWAYS_SEARCH_USER_PATHS = NO;
				CLANG_CXX_LANGUAGE_STANDARD = "gnu++0x";
				CLANG_CXX_LIBRARY = "libc++";
				CLANG_ENABLE_MODULES = YES;
				CLANG_ENABLE_OBJC_ARC = YES;
				CLANG_WARN_BOOL_CONVERSION = YES;
				CLANG_WARN_CONSTANT_CONVERSION = YES;
				CLANG_WARN_DIRECT_OBJC_ISA_USAGE = YES_ERROR;
				CLANG_WARN_EMPTY_BODY = YES;
				CLANG_WARN_ENUM_CONVERSION = YES;
				CLANG_WARN_INT_CONVERSION = YES;
				CLANG_WARN_OBJC_ROOT_CLASS = YES_ERROR;
				CLANG_WARN_UNREACHABLE_CODE = YES;
				CLANG_WARN__DUPLICATE_METHOD_MATCH = YES;
				"CODE_SIGN_IDENTITY[sdk=iphoneos*]" = "iPhone Developer";
				COPY_PHASE_STRIP = NO;
				ENABLE_STRICT_OBJC_MSGSEND = YES;
				GCC_C_LANGUAGE_STANDARD = gnu99;
				GCC_DYNAMIC_NO_PIC = NO;
				GCC_OPTIMIZATION_LEVEL = 0;
				GCC_PREPROCESSOR_DEFINITIONS = (
					"DEBUG=1",
					"$(inherited)",
				);
				GCC_SYMBOLS_PRIVATE_EXTERN = NO;
				GCC_WARN_64_TO_32_BIT_CONVERSION = YES;
				GCC_WARN_ABOUT_RETURN_TYPE = YES_ERROR;
				GCC_WARN_UNDECLARED_SELECTOR = YES;
				GCC_WARN_UNINITIALIZED_AUTOS = YES_AGGRESSIVE;
				GCC_WARN_UNUSED_FUNCTION = YES;
				GCC_WARN_UNUSED_VARIABLE = YES;
				IPHONEOS_DEPLOYMENT_TARGET = 8.2;
				MTL_ENABLE_DEBUG_INFO = YES;
				ONLY_ACTIVE_ARCH = YES;
				SDKROOT = iphoneos;
				SWIFT_OPTIMIZATION_LEVEL = "-Onone";
			};
			name = Debug;
		};
		3A93296F1B04E17B0021B1F0 /* Release */ = {
			isa = XCBuildConfiguration;
			buildSettings = {
				ALWAYS_SEARCH_USER_PATHS = NO;
				CLANG_CXX_LANGUAGE_STANDARD = "gnu++0x";
				CLANG_CXX_LIBRARY = "libc++";
				CLANG_ENABLE_MODULES = YES;
				CLANG_ENABLE_OBJC_ARC = YES;
				CLANG_WARN_BOOL_CONVERSION = YES;
				CLANG_WARN_CONSTANT_CONVERSION = YES;
				CLANG_WARN_DIRECT_OBJC_ISA_USAGE = YES_ERROR;
				CLANG_WARN_EMPTY_BODY = YES;
				CLANG_WARN_ENUM_CONVERSION = YES;
				CLANG_WARN_INT_CONVERSION = YES;
				CLANG_WARN_OBJC_ROOT_CLASS = YES_ERROR;
				CLANG_WARN_UNREACHABLE_CODE = YES;
				CLANG_WARN__DUPLICATE_METHOD_MATCH = YES;
				"CODE_SIGN_IDENTITY[sdk=iphoneos*]" = "iPhone Developer";
				COPY_PHASE_STRIP = NO;
				ENABLE_NS_ASSERTIONS = NO;
				ENABLE_STRICT_OBJC_MSGSEND = YES;
				GCC_C_LANGUAGE_STANDARD = gnu99;
				GCC_WARN_64_TO_32_BIT_CONVERSION = YES;
				GCC_WARN_ABOUT_RETURN_TYPE = YES_ERROR;
				GCC_WARN_UNDECLARED_SELECTOR = YES;
				GCC_WARN_UNINITIALIZED_AUTOS = YES_AGGRESSIVE;
				GCC_WARN_UNUSED_FUNCTION = YES;
				GCC_WARN_UNUSED_VARIABLE = YES;
				IPHONEOS_DEPLOYMENT_TARGET = 8.2;
				MTL_ENABLE_DEBUG_INFO = NO;
				SDKROOT = iphoneos;
				VALIDATE_PRODUCT = YES;
			};
			name = Release;
		};
		3A9329711B04E17B0021B1F0 /* Debug */ = {
			isa = XCBuildConfiguration;
			baseConfigurationReference = F1BEA7FB8AB4C82D91E560B8 /* Pods.debug.xcconfig */;
			buildSettings = {
				ASSETCATALOG_COMPILER_APPICON_NAME = AppIcon;
				CLANG_ALLOW_NON_MODULAR_INCLUDES_IN_FRAMEWORK_MODULES = YES;
				INFOPLIST_FILE = NextForecast/Info.plist;
				LD_RUNPATH_SEARCH_PATHS = "$(inherited) @executable_path/Frameworks";
				PRODUCT_NAME = "$(TARGET_NAME)";
				SWIFT_OBJC_BRIDGING_HEADER = NextForecast/BridgingHeader/BridgingHeader.h;
			};
			name = Debug;
		};
		3A9329721B04E17B0021B1F0 /* Release */ = {
			isa = XCBuildConfiguration;
			baseConfigurationReference = D2B9D53E8724641B4E970828 /* Pods.release.xcconfig */;
			buildSettings = {
				ASSETCATALOG_COMPILER_APPICON_NAME = AppIcon;
				CLANG_ALLOW_NON_MODULAR_INCLUDES_IN_FRAMEWORK_MODULES = YES;
				INFOPLIST_FILE = NextForecast/Info.plist;
				LD_RUNPATH_SEARCH_PATHS = "$(inherited) @executable_path/Frameworks";
				PRODUCT_NAME = "$(TARGET_NAME)";
				SWIFT_OBJC_BRIDGING_HEADER = NextForecast/BridgingHeader/BridgingHeader.h;
			};
			name = Release;
		};
		3A9329741B04E17B0021B1F0 /* Debug */ = {
			isa = XCBuildConfiguration;
			buildSettings = {
				BUNDLE_LOADER = "$(TEST_HOST)";
				FRAMEWORK_SEARCH_PATHS = (
					"$(SDKROOT)/Developer/Library/Frameworks",
					"$(inherited)",
				);
				GCC_PREPROCESSOR_DEFINITIONS = (
					"DEBUG=1",
					"$(inherited)",
				);
				INFOPLIST_FILE = NextForecastTests/Info.plist;
				LD_RUNPATH_SEARCH_PATHS = "$(inherited) @executable_path/Frameworks @loader_path/Frameworks";
				PRODUCT_NAME = "$(TARGET_NAME)";
				TEST_HOST = "$(BUILT_PRODUCTS_DIR)/NextForecast.app/NextForecast";
			};
			name = Debug;
		};
		3A9329751B04E17B0021B1F0 /* Release */ = {
			isa = XCBuildConfiguration;
			buildSettings = {
				BUNDLE_LOADER = "$(TEST_HOST)";
				FRAMEWORK_SEARCH_PATHS = (
					"$(SDKROOT)/Developer/Library/Frameworks",
					"$(inherited)",
				);
				INFOPLIST_FILE = NextForecastTests/Info.plist;
				LD_RUNPATH_SEARCH_PATHS = "$(inherited) @executable_path/Frameworks @loader_path/Frameworks";
				PRODUCT_NAME = "$(TARGET_NAME)";
				TEST_HOST = "$(BUILT_PRODUCTS_DIR)/NextForecast.app/NextForecast";
			};
			name = Release;
		};
/* End XCBuildConfiguration section */

/* Begin XCConfigurationList section */
		3A93294A1B04E17B0021B1F0 /* Build configuration list for PBXProject "NextForecast" */ = {
			isa = XCConfigurationList;
			buildConfigurations = (
				3A93296E1B04E17B0021B1F0 /* Debug */,
				3A93296F1B04E17B0021B1F0 /* Release */,
			);
			defaultConfigurationIsVisible = 0;
			defaultConfigurationName = Release;
		};
		3A9329701B04E17B0021B1F0 /* Build configuration list for PBXNativeTarget "NextForecast" */ = {
			isa = XCConfigurationList;
			buildConfigurations = (
				3A9329711B04E17B0021B1F0 /* Debug */,
				3A9329721B04E17B0021B1F0 /* Release */,
			);
			defaultConfigurationIsVisible = 0;
			defaultConfigurationName = Release;
		};
		3A9329731B04E17B0021B1F0 /* Build configuration list for PBXNativeTarget "NextForecastTests" */ = {
			isa = XCConfigurationList;
			buildConfigurations = (
				3A9329741B04E17B0021B1F0 /* Debug */,
				3A9329751B04E17B0021B1F0 /* Release */,
			);
			defaultConfigurationIsVisible = 0;
			defaultConfigurationName = Release;
		};
/* End XCConfigurationList section */
	};
	rootObject = 3A9329471B04E17B0021B1F0 /* Project object */;
}
